// !$*UTF8*$!
{
	archiveVersion = 1;
	classes = {
	};
	objectVersion = 77;
	objects = {

/* Begin PBXBuildFile section */
		36069209301E81E100A5ADAF /* SharedModelContainer.swift in Sources */ = {isa = PBXBuildFile; fileRef = 36069208301E81E100A5ADAF /* SharedModelContainer.swift */; };
		3606920B301E81F100A5ADAF /* CategoryEntity.swift in Sources */ = {isa = PBXBuildFile; fileRef = 3606920A301E81F100A5ADAF /* CategoryEntity.swift */; };
		3606920D301E823900A5ADAF /* AddExpenseIntent.swift in Sources */ = {isa = PBXBuildFile; fileRef = 3606920C301E823800A5ADAF /* AddExpenseIntent.swift */; };
		3606920F301E824300A5ADAF /* AddExpenseShortcuts.swift in Sources */ = {isa = PBXBuildFile; fileRef = 3606920E301E824300A5ADAF /* AddExpenseShortcuts.swift */; };
		36069211301E850E00A5ADAF /* AppGroup.swift in Sources */ = {isa = PBXBuildFile; fileRef = 36069210301E850E00A5ADAF /* AppGroup.swift */; };
		36069213301E8AC600A5ADAF /* SwipeGestureView.swift in Sources */ = {isa = PBXBuildFile; fileRef = 36069212301E8AC500A5ADAF /* SwipeGestureView.swift */; };
		360F238D300E7BF700E73ED6 /* ExpenseCategory.swift in Sources */ = {isa = PBXBuildFile; fileRef = 360F238B300E79AF00E73ED6 /* ExpenseCategory.swift */; };
		360F238E300E7C0D00E73ED6 /* Expense.swift in Sources */ = {isa = PBXBuildFile; fileRef = 360F238A300E799D00E73ED6 /* Expense.swift */; };
		360F238F300E7C2500E73ED6 /* ExpenseListView.swift in Sources */ = {isa = PBXBuildFile; fileRef = 360F2387300E78B700E73ED6 /* ExpenseListView.swift */; };
		360F2390300E7C3400E73ED6 /* BillingPeriod.swift in Sources */ = {isa = PBXBuildFile; fileRef = 360F238C300E79BB00E73ED6 /* BillingPeriod.swift */; };
		360F2391300E7C4500E73ED6 /* AddExpenseView.swift in Sources */ = {isa = PBXBuildFile; fileRef = 360F2388300E78E700E73ED6 /* AddExpenseView.swift */; };
		360F2392300E7C4A00E73ED6 /* SettingsView.swift in Sources */ = {isa = PBXBuildFile; fileRef = 360F2389300E78F300E73ED6 /* SettingsView.swift */; };
		360F2394300E83E200E73ED6 /* CategoryColors.swift in Sources */ = {isa = PBXBuildFile; fileRef = 360F2393300E83E000E73ED6 /* CategoryColors.swift */; };
		360F2396300E876D00E73ED6 /* AppThemes.swift in Sources */ = {isa = PBXBuildFile; fileRef = 360F2395300E876800E73ED6 /* AppThemes.swift */; };
		360F2398300F351700E73ED6 /* PeriodPickerView.swift in Sources */ = {isa = PBXBuildFile; fileRef = 360F2397300F351600E73ED6 /* PeriodPickerView.swift */; };
		360F239A300F74FE00E73ED6 /* CategoryManagementView.swift in Sources */ = {isa = PBXBuildFile; fileRef = 360F2399300F74FD00E73ED6 /* CategoryManagementView.swift */; };
		360F239C300F756200E73ED6 /* AddCategoryView.swift in Sources */ = {isa = PBXBuildFile; fileRef = 360F239B300F756100E73ED6 /* AddCategoryView.swift */; };
		360F239E300FBDA600E73ED6 /* CategoryBreakdownView.swift in Sources */ = {isa = PBXBuildFile; fileRef = 360F239D300FBDA600E73ED6 /* CategoryBreakdownView.swift */; };
		360F23A0300FBF2500E73ED6 /* CategoryDetailView.swift in Sources */ = {isa = PBXBuildFile; fileRef = 360F239F300FBF2500E73ED6 /* CategoryDetailView.swift */; };
		360F23A2300FCD2300E73ED6 /* ExpenseCSVExporter.swift in Sources */ = {isa = PBXBuildFile; fileRef = 360F23A1300FCD2200E73ED6 /* ExpenseCSVExporter.swift */; };
		360F23A4300FCE1B00E73ED6 /* ShareSheet.swift in Sources */ = {isa = PBXBuildFile; fileRef = 360F23A3300FCE1B00E73ED6 /* ShareSheet.swift */; };
		36FD32743012298600738062 /* SplashView.swift in Sources */ = {isa = PBXBuildFile; fileRef = 36FD32733012298600738062 /* SplashView.swift */; };
		36FD32763019E6B100738062 /* CSVImporter.swift in Sources */ = {isa = PBXBuildFile; fileRef = 36FD32753019E6B000738062 /* CSVImporter.swift */; };
		36FD32783019E6C400738062 /* ImportCSVView.swift in Sources */ = {isa = PBXBuildFile; fileRef = 36FD32773019E6C300738062 /* ImportCSVView.swift */; };
/* End PBXBuildFile section */

/* Begin PBXFileReference section */
		36069208301E81E100A5ADAF /* SharedModelContainer.swift */ = {isa = PBXFileReference; lastKnownFileType = sourcecode.swift; path = SharedModelContainer.swift; sourceTree = "<group>"; };
		3606920A301E81F100A5ADAF /* CategoryEntity.swift */ = {isa = PBXFileReference; lastKnownFileType = sourcecode.swift; path = CategoryEntity.swift; sourceTree = "<group>"; };
		3606920C301E823800A5ADAF /* AddExpenseIntent.swift */ = {isa = PBXFileReference; lastKnownFileType = sourcecode.swift; path = AddExpenseIntent.swift; sourceTree = "<group>"; };
		3606920E301E824300A5ADAF /* AddExpenseShortcuts.swift */ = {isa = PBXFileReference; lastKnownFileType = sourcecode.swift; path = AddExpenseShortcuts.swift; sourceTree = "<group>"; };
		36069210301E850E00A5ADAF /* AppGroup.swift */ = {isa = PBXFileReference; lastKnownFileType = sourcecode.swift; path = AppGroup.swift; sourceTree = "<group>"; };
		36069212301E8AC500A5ADAF /* SwipeGestureView.swift */ = {isa = PBXFileReference; lastKnownFileType = sourcecode.swift; path = SwipeGestureView.swift; sourceTree = "<group>"; };
		360F2375300E729400E73ED6 /* WhyPoor.app */ = {isa = PBXFileReference; explicitFileType = wrapper.application; includeInIndex = 0; path = WhyPoor.app; sourceTree = BUILT_PRODUCTS_DIR; };
		360F2387300E78B700E73ED6 /* ExpenseListView.swift */ = {isa = PBXFileReference; lastKnownFileType = sourcecode.swift; path = ExpenseListView.swift; sourceTree = "<group>"; };
		360F2388300E78E700E73ED6 /* AddExpenseView.swift */ = {isa = PBXFileReference; lastKnownFileType = sourcecode.swift; path = AddExpenseView.swift; sourceTree = "<group>"; };
		360F2389300E78F300E73ED6 /* SettingsView.swift */ = {isa = PBXFileReference; lastKnownFileType = sourcecode.swift; path = SettingsView.swift; sourceTree = "<group>"; };
		360F238A300E799D00E73ED6 /* Expense.swift */ = {isa = PBXFileReference; lastKnownFileType = sourcecode.swift; path = Expense.swift; sourceTree = "<group>"; };
		360F238B300E79AF00E73ED6 /* ExpenseCategory.swift */ = {isa = PBXFileReference; lastKnownFileType = sourcecode.swift; path = ExpenseCategory.swift; sourceTree = "<group>"; };
		360F238C300E79BB00E73ED6 /* BillingPeriod.swift */ = {isa = PBXFileReference; lastKnownFileType = sourcecode.swift; path = BillingPeriod.swift; sourceTree = "<group>"; };
		360F2393300E83E000E73ED6 /* CategoryColors.swift */ = {isa = PBXFileReference; lastKnownFileType = sourcecode.swift; path = CategoryColors.swift; sourceTree = "<group>"; };
		360F2395300E876800E73ED6 /* AppThemes.swift */ = {isa = PBXFileReference; lastKnownFileType = sourcecode.swift; path = AppThemes.swift; sourceTree = "<group>"; };
		360F2397300F351600E73ED6 /* PeriodPickerView.swift */ = {isa = PBXFileReference; lastKnownFileType = sourcecode.swift; path = PeriodPickerView.swift; sourceTree = "<group>"; };
		360F2399300F74FD00E73ED6 /* CategoryManagementView.swift */ = {isa = PBXFileReference; lastKnownFileType = sourcecode.swift; path = CategoryManagementView.swift; sourceTree = "<group>"; };
		360F239B300F756100E73ED6 /* AddCategoryView.swift */ = {isa = PBXFileReference; lastKnownFileType = sourcecode.swift; path = AddCategoryView.swift; sourceTree = "<group>"; };
		360F239D300FBDA600E73ED6 /* CategoryBreakdownView.swift */ = {isa = PBXFileReference; lastKnownFileType = sourcecode.swift; path = CategoryBreakdownView.swift; sourceTree = "<group>"; };
		360F239F300FBF2500E73ED6 /* CategoryDetailView.swift */ = {isa = PBXFileReference; lastKnownFileType = sourcecode.swift; path = CategoryDetailView.swift; sourceTree = "<group>"; };
		360F23A1300FCD2200E73ED6 /* ExpenseCSVExporter.swift */ = {isa = PBXFileReference; lastKnownFileType = sourcecode.swift; path = ExpenseCSVExporter.swift; sourceTree = "<group>"; };
		360F23A3300FCE1B00E73ED6 /* ShareSheet.swift */ = {isa = PBXFileReference; lastKnownFileType = sourcecode.swift; path = ShareSheet.swift; sourceTree = "<group>"; };
		36FD32733012298600738062 /* SplashView.swift */ = {isa = PBXFileReference; lastKnownFileType = sourcecode.swift; path = SplashView.swift; sourceTree = "<group>"; };
		36FD32753019E6B000738062 /* CSVImporter.swift */ = {isa = PBXFileReference; lastKnownFileType = sourcecode.swift; path = CSVImporter.swift; sourceTree = "<group>"; };
		36FD32773019E6C300738062 /* ImportCSVView.swift */ = {isa = PBXFileReference; lastKnownFileType = sourcecode.swift; path = ImportCSVView.swift; sourceTree = "<group>"; };
/* End PBXFileReference section */

/* Begin PBXFileSystemSynchronizedBuildFileExceptionSet section */
		36FD32723012263200738062 /* Exceptions for "WhyPoor" folder in "WhyPoor" target */ = {
			isa = PBXFileSystemSynchronizedBuildFileExceptionSet;
			membershipExceptions = (
				Info.plist,
			);
			target = 360F2374300E729400E73ED6 /* WhyPoor */;
		};
/* End PBXFileSystemSynchronizedBuildFileExceptionSet section */

/* Begin PBXFileSystemSynchronizedRootGroup section */
		360F2377300E729400E73ED6 /* WhyPoor */ = {
			isa = PBXFileSystemSynchronizedRootGroup;
			exceptions = (
				36FD32723012263200738062 /* Exceptions for "WhyPoor" folder in "WhyPoor" target */,
			);
			path = WhyPoor;
			sourceTree = "<group>";
		};
/* End PBXFileSystemSynchronizedRootGroup section */

/* Begin PBXFrameworksBuildPhase section */
		360F2372300E729400E73ED6 /* Frameworks */ = {
			isa = PBXFrameworksBuildPhase;
			buildActionMask = 2147483647;
			files = (
			);
			runOnlyForDeploymentPostprocessing = 0;
		};
/* End PBXFrameworksBuildPhase section */

/* Begin PBXGroup section */
		360F236C300E729400E73ED6 = {
			isa = PBXGroup;
			children = (
				360F2386300E77A900E73ED6 /* Views */,
				360F2385300E779F00E73ED6 /* Models */,
				360F2377300E729400E73ED6 /* WhyPoor */,
				360F2376300E729400E73ED6 /* Products */,
			);
			sourceTree = "<group>";
		};
		360F2376300E729400E73ED6 /* Products */ = {
			isa = PBXGroup;
			children = (
				360F2375300E729400E73ED6 /* WhyPoor.app */,
			);
			name = Products;
			sourceTree = "<group>";
		};
		360F2385300E779F00E73ED6 /* Models */ = {
			isa = PBXGroup;
			children = (
				36069210301E850E00A5ADAF /* AppGroup.swift */,
				3606920E301E824300A5ADAF /* AddExpenseShortcuts.swift */,
				3606920C301E823800A5ADAF /* AddExpenseIntent.swift */,
				3606920A301E81F100A5ADAF /* CategoryEntity.swift */,
				36069208301E81E100A5ADAF /* SharedModelContainer.swift */,
				36FD32753019E6B000738062 /* CSVImporter.swift */,
				360F2395300E876800E73ED6 /* AppThemes.swift */,
				360F2393300E83E000E73ED6 /* CategoryColors.swift */,
				360F238C300E79BB00E73ED6 /* BillingPeriod.swift */,
				360F238B300E79AF00E73ED6 /* ExpenseCategory.swift */,
				360F238A300E799D00E73ED6 /* Expense.swift */,
			);
			path = Models;
			sourceTree = "<group>";
		};
		360F2386300E77A900E73ED6 /* Views */ = {
			isa = PBXGroup;
			children = (
				36069212301E8AC500A5ADAF /* SwipeGestureView.swift */,
				36FD32773019E6C300738062 /* ImportCSVView.swift */,
				36FD32733012298600738062 /* SplashView.swift */,
				360F23A3300FCE1B00E73ED6 /* ShareSheet.swift */,
				360F23A1300FCD2200E73ED6 /* ExpenseCSVExporter.swift */,
				360F239F300FBF2500E73ED6 /* CategoryDetailView.swift */,
				360F239D300FBDA600E73ED6 /* CategoryBreakdownView.swift */,
				360F239B300F756100E73ED6 /* AddCategoryView.swift */,
				360F2399300F74FD00E73ED6 /* CategoryManagementView.swift */,
				360F2397300F351600E73ED6 /* PeriodPickerView.swift */,
				360F2389300E78F300E73ED6 /* SettingsView.swift */,
				360F2388300E78E700E73ED6 /* AddExpenseView.swift */,
				360F2387300E78B700E73ED6 /* ExpenseListView.swift */,
			);
			path = Views;
			sourceTree = "<group>";
		};
/* End PBXGroup section */

/* Begin PBXNativeTarget section */
		360F2374300E729400E73ED6 /* WhyPoor */ = {
			isa = PBXNativeTarget;
			buildConfigurationList = 360F2382300E729700E73ED6 /* Build configuration list for PBXNativeTarget "WhyPoor" */;
			buildPhases = (
				360F2371300E729400E73ED6 /* Sources */,
				360F2372300E729400E73ED6 /* Frameworks */,
				360F2373300E729400E73ED6 /* Resources */,
			);
			buildRules = (
			);
			dependencies = (
			);
			fileSystemSynchronizedGroups = (
				360F2377300E729400E73ED6 /* WhyPoor */,
			);
			name = WhyPoor;
			packageProductDependencies = (
			);
			productName = iWallet;
			productReference = 360F2375300E729400E73ED6 /* WhyPoor.app */;
			productType = "com.apple.product-type.application";
		};
/* End PBXNativeTarget section */

/* Begin PBXProject section */
		360F236D300E729400E73ED6 /* Project object */ = {
			isa = PBXProject;
			attributes = {
				BuildIndependentTargetsInParallel = 1;
				LastSwiftUpdateCheck = 2660;
				LastUpgradeCheck = 2660;
				TargetAttributes = {
					360F2374300E729400E73ED6 = {
						CreatedOnToolsVersion = 26.6;
					};
				};
			};
			buildConfigurationList = 360F2370300E729400E73ED6 /* Build configuration list for PBXProject "WhyPoor" */;
			developmentRegion = en;
			hasScannedForEncodings = 0;
			knownRegions = (
				en,
				Base,
			);
			mainGroup = 360F236C300E729400E73ED6;
			minimizedProjectReferenceProxies = 1;
			preferredProjectObjectVersion = 77;
			productRefGroup = 360F2376300E729400E73ED6 /* Products */;
			projectDirPath = "";
			projectRoot = "";
			targets = (
				360F2374300E729400E73ED6 /* WhyPoor */,
			);
		};
/* End PBXProject section */

/* Begin PBXResourcesBuildPhase section */
		360F2373300E729400E73ED6 /* Resources */ = {
			isa = PBXResourcesBuildPhase;
			buildActionMask = 2147483647;
			files = (
			);
			runOnlyForDeploymentPostprocessing = 0;
		};
/* End PBXResourcesBuildPhase section */

/* Begin PBXSourcesBuildPhase section */
		360F2371300E729400E73ED6 /* Sources */ = {
			isa = PBXSourcesBuildPhase;
			buildActionMask = 2147483647;
			files = (
				360F2392300E7C4A00E73ED6 /* SettingsView.swift in Sources */,
				360F238E300E7C0D00E73ED6 /* Expense.swift in Sources */,
				36FD32763019E6B100738062 /* CSVImporter.swift in Sources */,
				3606920F301E824300A5ADAF /* AddExpenseShortcuts.swift in Sources */,
				36FD32743012298600738062 /* SplashView.swift in Sources */,
				360F238D300E7BF700E73ED6 /* ExpenseCategory.swift in Sources */,
				360F239A300F74FE00E73ED6 /* CategoryManagementView.swift in Sources */,
				36069211301E850E00A5ADAF /* AppGroup.swift in Sources */,
				360F23A0300FBF2500E73ED6 /* CategoryDetailView.swift in Sources */,
				36069213301E8AC600A5ADAF /* SwipeGestureView.swift in Sources */,
				36069209301E81E100A5ADAF /* SharedModelContainer.swift in Sources */,
				360F2391300E7C4500E73ED6 /* AddExpenseView.swift in Sources */,
				360F23A4300FCE1B00E73ED6 /* ShareSheet.swift in Sources */,
				360F23A2300FCD2300E73ED6 /* ExpenseCSVExporter.swift in Sources */,
				360F239E300FBDA600E73ED6 /* CategoryBreakdownView.swift in Sources */,
				360F239C300F756200E73ED6 /* AddCategoryView.swift in Sources */,
				360F2396300E876D00E73ED6 /* AppThemes.swift in Sources */,
				360F2390300E7C3400E73ED6 /* BillingPeriod.swift in Sources */,
				3606920B301E81F100A5ADAF /* CategoryEntity.swift in Sources */,
				360F238F300E7C2500E73ED6 /* ExpenseListView.swift in Sources */,
				3606920D301E823900A5ADAF /* AddExpenseIntent.swift in Sources */,
				360F2394300E83E200E73ED6 /* CategoryColors.swift in Sources */,
				360F2398300F351700E73ED6 /* PeriodPickerView.swift in Sources */,
				36FD32783019E6C400738062 /* ImportCSVView.swift in Sources */,
			);
			runOnlyForDeploymentPostprocessing = 0;
		};
/* End PBXSourcesBuildPhase section */

/* Begin XCBuildConfiguration section */
		360F2380300E729700E73ED6 /* Debug */ = {
			isa = XCBuildConfiguration;
			buildSettings = {
				ALWAYS_SEARCH_USER_PATHS = NO;
				ASSETCATALOG_COMPILER_GENERATE_SWIFT_ASSET_SYMBOL_EXTENSIONS = YES;
				CLANG_ANALYZER_NONNULL = YES;
				CLANG_ANALYZER_NUMBER_OBJECT_CONVERSION = YES_AGGRESSIVE;
				CLANG_CXX_LANGUAGE_STANDARD = "gnu++20";
				CLANG_ENABLE_MODULES = YES;
				CLANG_ENABLE_OBJC_ARC = YES;
				CLANG_ENABLE_OBJC_WEAK = YES;
				CLANG_WARN_BLOCK_CAPTURE_AUTORELEASING = YES;
				CLANG_WARN_BOOL_CONVERSION = YES;
				CLANG_WARN_COMMA = YES;
				CLANG_WARN_CONSTANT_CONVERSION = YES;
				CLANG_WARN_DEPRECATED_OBJC_IMPLEMENTATIONS = YES;
				CLANG_WARN_DIRECT_OBJC_ISA_USAGE = YES_ERROR;
				CLANG_WARN_DOCUMENTATION_COMMENTS = YES;
				CLANG_WARN_EMPTY_BODY = YES;
				CLANG_WARN_ENUM_CONVERSION = YES;
				CLANG_WARN_INFINITE_RECURSION = YES;
				CLANG_WARN_INT_CONVERSION = YES;
				CLANG_WARN_NON_LITERAL_NULL_CONVERSION = YES;
				CLANG_WARN_OBJC_IMPLICIT_RETAIN_SELF = YES;
				CLANG_WARN_OBJC_LITERAL_CONVERSION = YES;
				CLANG_WARN_OBJC_ROOT_CLASS = YES_ERROR;
				CLANG_WARN_QUOTED_INCLUDE_IN_FRAMEWORK_HEADER = YES;
				CLANG_WARN_RANGE_LOOP_ANALYSIS = YES;
				CLANG_WARN_STRICT_PROTOTYPES = YES;
				CLANG_WARN_SUSPICIOUS_MOVE = YES;
				CLANG_WARN_UNGUARDED_AVAILABILITY = YES_AGGRESSIVE;
				CLANG_WARN_UNREACHABLE_CODE = YES;
				CLANG_WARN__DUPLICATE_METHOD_MATCH = YES;
				COPY_PHASE_STRIP = NO;
				DEBUG_INFORMATION_FORMAT = dwarf;
				DEVELOPMENT_TEAM = 9TCDX25AYJ;
				ENABLE_STRICT_OBJC_MSGSEND = YES;
				ENABLE_TESTABILITY = YES;
				ENABLE_USER_SCRIPT_SANDBOXING = YES;
				GCC_C_LANGUAGE_STANDARD = gnu17;
				GCC_DYNAMIC_NO_PIC = NO;
				GCC_NO_COMMON_BLOCKS = YES;
				GCC_OPTIMIZATION_LEVEL = 0;
				GCC_PREPROCESSOR_DEFINITIONS = (
					"DEBUG=1",
					"$(inherited)",
				);
				GCC_WARN_64_TO_32_BIT_CONVERSION = YES;
				GCC_WARN_ABOUT_RETURN_TYPE = YES_ERROR;
				GCC_WARN_UNDECLARED_SELECTOR = YES;
				GCC_WARN_UNINITIALIZED_AUTOS = YES_AGGRESSIVE;
				GCC_WARN_UNUSED_FUNCTION = YES;
				GCC_WARN_UNUSED_VARIABLE = YES;
				LOCALIZATION_PREFERS_STRING_CATALOGS = YES;
				MTL_ENABLE_DEBUG_INFO = INCLUDE_SOURCE;
				MTL_FAST_MATH = YES;
				ONLY_ACTIVE_ARCH = YES;
				SWIFT_ACTIVE_COMPILATION_CONDITIONS = "DEBUG $(inherited)";
				SWIFT_OPTIMIZATION_LEVEL = "-Onone";
			};
			name = Debug;
		};
		360F2381300E729700E73ED6 /* Release */ = {
			isa = XCBuildConfiguration;
			buildSettings = {
				ALWAYS_SEARCH_USER_PATHS = NO;
				ASSETCATALOG_COMPILER_GENERATE_SWIFT_ASSET_SYMBOL_EXTENSIONS = YES;
				CLANG_ANALYZER_NONNULL = YES;
				CLANG_ANALYZER_NUMBER_OBJECT_CONVERSION = YES_AGGRESSIVE;
				CLANG_CXX_LANGUAGE_STANDARD = "gnu++20";
				CLANG_ENABLE_MODULES = YES;
				CLANG_ENABLE_OBJC_ARC = YES;
				CLANG_ENABLE_OBJC_WEAK = YES;
				CLANG_WARN_BLOCK_CAPTURE_AUTORELEASING = YES;
				CLANG_WARN_BOOL_CONVERSION = YES;
				CLANG_WARN_COMMA = YES;
				CLANG_WARN_CONSTANT_CONVERSION = YES;
				CLANG_WARN_DEPRECATED_OBJC_IMPLEMENTATIONS = YES;
				CLANG_WARN_DIRECT_OBJC_ISA_USAGE = YES_ERROR;
				CLANG_WARN_DOCUMENTATION_COMMENTS = YES;
				CLANG_WARN_EMPTY_BODY = YES;
				CLANG_WARN_ENUM_CONVERSION = YES;
				CLANG_WARN_INFINITE_RECURSION = YES;
				CLANG_WARN_INT_CONVERSION = YES;
				CLANG_WARN_NON_LITERAL_NULL_CONVERSION = YES;
				CLANG_WARN_OBJC_IMPLICIT_RETAIN_SELF = YES;
				CLANG_WARN_OBJC_LITERAL_CONVERSION = YES;
				CLANG_WARN_OBJC_ROOT_CLASS = YES_ERROR;
				CLANG_WARN_QUOTED_INCLUDE_IN_FRAMEWORK_HEADER = YES;
				CLANG_WARN_RANGE_LOOP_ANALYSIS = YES;
				CLANG_WARN_STRICT_PROTOTYPES = YES;
				CLANG_WARN_SUSPICIOUS_MOVE = YES;
				CLANG_WARN_UNGUARDED_AVAILABILITY = YES_AGGRESSIVE;
				CLANG_WARN_UNREACHABLE_CODE = YES;
				CLANG_WARN__DUPLICATE_METHOD_MATCH = YES;
				COPY_PHASE_STRIP = NO;
				DEBUG_INFORMATION_FORMAT = "dwarf-with-dsym";
				DEVELOPMENT_TEAM = 9TCDX25AYJ;
				ENABLE_NS_ASSERTIONS = NO;
				ENABLE_STRICT_OBJC_MSGSEND = YES;
				ENABLE_USER_SCRIPT_SANDBOXING = YES;
				GCC_C_LANGUAGE_STANDARD = gnu17;
				GCC_NO_COMMON_BLOCKS = YES;
				GCC_WARN_64_TO_32_BIT_CONVERSION = YES;
				GCC_WARN_ABOUT_RETURN_TYPE = YES_ERROR;
				GCC_WARN_UNDECLARED_SELECTOR = YES;
				GCC_WARN_UNINITIALIZED_AUTOS = YES_AGGRESSIVE;
				GCC_WARN_UNUSED_FUNCTION = YES;
				GCC_WARN_UNUSED_VARIABLE = YES;
				LOCALIZATION_PREFERS_STRING_CATALOGS = YES;
				MTL_ENABLE_DEBUG_INFO = NO;
				MTL_FAST_MATH = YES;
				SWIFT_COMPILATION_MODE = wholemodule;
			};
			name = Release;
		};
		360F2383300E729700E73ED6 /* Debug */ = {
			isa = XCBuildConfiguration;
			buildSettings = {
				ASSETCATALOG_COMPILER_APPICON_NAME = AppIcon;
				ASSETCATALOG_COMPILER_GLOBAL_ACCENT_COLOR_NAME = AccentColor;
				CODE_SIGN_ENTITLEMENTS = WhyPoor/WhyPoor.entitlements;
				CODE_SIGN_STYLE = Automatic;
				CURRENT_PROJECT_VERSION = 1;
				DEVELOPMENT_TEAM = NN4887DAA5;
				ENABLE_APP_SANDBOX = YES;
				ENABLE_HARDENED_RUNTIME = YES;
				ENABLE_PREVIEWS = YES;
				ENABLE_USER_SELECTED_FILES = readonly;
				GENERATE_INFOPLIST_FILE = YES;
				INFOPLIST_FILE = WhyPoor/Info.plist;
				"INFOPLIST_KEY_UIApplicationSceneManifest_Generation[sdk=iphoneos*]" = YES;
				"INFOPLIST_KEY_UIApplicationSceneManifest_Generation[sdk=iphonesimulator*]" = YES;
				"INFOPLIST_KEY_UIApplicationSupportsIndirectInputEvents[sdk=iphoneos*]" = YES;
				"INFOPLIST_KEY_UIApplicationSupportsIndirectInputEvents[sdk=iphonesimulator*]" = YES;
				"INFOPLIST_KEY_UILaunchScreen_Generation[sdk=iphoneos*]" = YES;
				"INFOPLIST_KEY_UILaunchScreen_Generation[sdk=iphonesimulator*]" = YES;
				"INFOPLIST_KEY_UIStatusBarStyle[sdk=iphoneos*]" = UIStatusBarStyleDefault;
				"INFOPLIST_KEY_UIStatusBarStyle[sdk=iphonesimulator*]" = UIStatusBarStyleDefault;
				INFOPLIST_KEY_UISupportedInterfaceOrientations_iPad = "UIInterfaceOrientationPortrait UIInterfaceOrientationPortraitUpsideDown UIInterfaceOrientationLandscapeLeft UIInterfaceOrientationLandscapeRight";
				INFOPLIST_KEY_UISupportedInterfaceOrientations_iPhone = "UIInterfaceOrientationPortrait UIInterfaceOrientationLandscapeLeft UIInterfaceOrientationLandscapeRight";
				IPHONEOS_DEPLOYMENT_TARGET = 18.6;
				LD_RUNPATH_SEARCH_PATHS = "@executable_path/Frameworks";
				"LD_RUNPATH_SEARCH_PATHS[sdk=macosx*]" = "@executable_path/../Frameworks";
				MACOSX_DEPLOYMENT_TARGET = 26.5;
				MARKETING_VERSION = 1.0;
				PRODUCT_BUNDLE_IDENTIFIER = com.amzisda.WhyPoor;
				PRODUCT_NAME = "$(TARGET_NAME)";
				REGISTER_APP_GROUPS = YES;
				SDKROOT = auto;
				STRING_CATALOG_GENERATE_SYMBOLS = YES;
				SUPPORTED_PLATFORMS = "iphoneos iphonesimulator macosx xros xrsimulator";
				SWIFT_APPROACHABLE_CONCURRENCY = YES;
				SWIFT_DEFAULT_ACTOR_ISOLATION = MainActor;
				SWIFT_EMIT_LOC_STRINGS = YES;
				SWIFT_UPCOMING_FEATURE_MEMBER_IMPORT_VISIBILITY = YES;
				SWIFT_VERSION = 5.0;
				TARGETED_DEVICE_FAMILY = "1,2,7";
				XROS_DEPLOYMENT_TARGET = 26.5;
			};
			name = Debug;
		};
		360F2384300E729700E73ED6 /* Release */ = {
			isa = XCBuildConfiguration;
			buildSettings = {
				ASSETCATALOG_COMPILER_APPICON_NAME = AppIcon;
				ASSETCATALOG_COMPILER_GLOBAL_ACCENT_COLOR_NAME = AccentColor;
				CODE_SIGN_ENTITLEMENTS = WhyPoor/WhyPoor.entitlements;
				CODE_SIGN_STYLE = Automatic;
				CURRENT_PROJECT_VERSION = 1;
				DEVELOPMENT_TEAM = NN4887DAA5;
				ENABLE_APP_SANDBOX = YES;
				ENABLE_HARDENED_RUNTIME = YES;
				ENABLE_PREVIEWS = YES;
				ENABLE_USER_SELECTED_FILES = readonly;
				GENERATE_INFOPLIST_FILE = YES;
				INFOPLIST_FILE = WhyPoor/Info.plist;
				"INFOPLIST_KEY_UIApplicationSceneManifest_Generation[sdk=iphoneos*]" = YES;
				"INFOPLIST_KEY_UIApplicationSceneManifest_Generation[sdk=iphonesimulator*]" = YES;
				"INFOPLIST_KEY_UIApplicationSupportsIndirectInputEvents[sdk=iphoneos*]" = YES;
				"INFOPLIST_KEY_UIApplicationSupportsIndirectInputEvents[sdk=iphonesimulator*]" = YES;
				"INFOPLIST_KEY_UILaunchScreen_Generation[sdk=iphoneos*]" = YES;
				"INFOPLIST_KEY_UILaunchScreen_Generation[sdk=iphonesimulator*]" = YES;
				"INFOPLIST_KEY_UIStatusBarStyle[sdk=iphoneos*]" = UIStatusBarStyleDefault;
				"INFOPLIST_KEY_UIStatusBarStyle[sdk=iphonesimulator*]" = UIStatusBarStyleDefault;
				INFOPLIST_KEY_UISupportedInterfaceOrientations_iPad = "UIInterfaceOrientationPortrait UIInterfaceOrientationPortraitUpsideDown UIInterfaceOrientationLandscapeLeft UIInterfaceOrientationLandscapeRight";
				INFOPLIST_KEY_UISupportedInterfaceOrientations_iPhone = "UIInterfaceOrientationPortrait UIInterfaceOrientationLandscapeLeft UIInterfaceOrientationLandscapeRight";
				IPHONEOS_DEPLOYMENT_TARGET = 18.6;
				LD_RUNPATH_SEARCH_PATHS = "@executable_path/Frameworks";
				"LD_RUNPATH_SEARCH_PATHS[sdk=macosx*]" = "@executable_path/../Frameworks";
				MACOSX_DEPLOYMENT_TARGET = 26.5;
				MARKETING_VERSION = 1.0;
				PRODUCT_BUNDLE_IDENTIFIER = com.oany.WhyPoor;
				"PRODUCT_BUNDLE_IDENTIFIER[sdk=iphoneos*]" = com.amzisda.WhyPoor;
				PRODUCT_NAME = "$(TARGET_NAME)";
				REGISTER_APP_GROUPS = YES;
				SDKROOT = auto;
				STRING_CATALOG_GENERATE_SYMBOLS = YES;
				SUPPORTED_PLATFORMS = "iphoneos iphonesimulator macosx xros xrsimulator";
				SWIFT_APPROACHABLE_CONCURRENCY = YES;
				SWIFT_DEFAULT_ACTOR_ISOLATION = MainActor;
				SWIFT_EMIT_LOC_STRINGS = YES;
				SWIFT_UPCOMING_FEATURE_MEMBER_IMPORT_VISIBILITY = YES;
				SWIFT_VERSION = 5.0;
				TARGETED_DEVICE_FAMILY = "1,2,7";
				XROS_DEPLOYMENT_TARGET = 26.5;
			};
			name = Release;
		};
/* End XCBuildConfiguration section */

/* Begin XCConfigurationList section */
		360F2370300E729400E73ED6 /* Build configuration list for PBXProject "WhyPoor" */ = {
			isa = XCConfigurationList;
			buildConfigurations = (
				360F2380300E729700E73ED6 /* Debug */,
				360F2381300E729700E73ED6 /* Release */,
			);
			defaultConfigurationIsVisible = 0;
			defaultConfigurationName = Release;
		};
		360F2382300E729700E73ED6 /* Build configuration list for PBXNativeTarget "WhyPoor" */ = {
			isa = XCConfigurationList;
			buildConfigurations = (
				360F2383300E729700E73ED6 /* Debug */,
				360F2384300E729700E73ED6 /* Release */,
			);
			defaultConfigurationIsVisible = 0;
			defaultConfigurationName = Release;
		};
/* End XCConfigurationList section */
	};
	rootObject = 360F236D300E729400E73ED6 /* Project object */;
}
